
Microsoft Visual Studio Solution File, Format Version 12.00
# Visual Studio Version 17
VisualStudioVersion = 17.11.35327.3
MinimumVisualStudioVersion = 10.0.40219.1
Project("{FAE04EC0-301F-11D3-BF4B-00C04F79EFBC}") = "BCSH2_SEM", "BCSH2_SEM\BCSH2_SEM.csproj", "{16F9B7A6-7F78-4EBC-9493-966E1B299D26}"
EndProject
Global
	GlobalSection(SolutionConfigurationPlatforms) = preSolution
		Debug|Any CPU = Debug|Any CPU
		Release|Any CPU = Release|Any CPU
	EndGlobalSection
	GlobalSection(ProjectConfigurationPlatforms) = postSolution
		{16F9B7A6-7F78-4EBC-9493-966E1B299D26}.Debug|Any CPU.ActiveCfg = Debug|Any CPU
		{16F9B7A6-7F78-4EBC-9493-966E1B299D26}.Debug|Any CPU.Build.0 = Debug|Any CPU
		{16F9B7A6-7F78-4EBC-9493-966E1B299D26}.Release|Any CPU.ActiveCfg = Release|Any CPU
		{16F9B7A6-7F78-4EBC-9493-966E1B299D26}.Release|Any CPU.Build.0 = Release|Any CPU
	EndGlobalSection
	GlobalSection(SolutionProperties) = preSolution
		HideSolutionNode = FALSE
	EndGlobalSection
	GlobalSection(ExtensibilityGlobals) = postSolution
		SolutionGuid = {DC7417DA-BC3D-4078-972A-F65062F37DFF}
	EndGlobalSection
EndGlobal
